# This file is generated by running "yarn install" inside your project.
# Manual changes might be lost - proceed with caution!

__metadata:
  version: 6
  cacheKey: 8

"@types/node@npm:^20.4.3":
  version: 20.4.3
  resolution: "@types/node@npm:20.4.3"
  checksum: 4df3664821af2328c25e3d78486ec94f45f5f4a35222678954b5c7dd5d4c4e5a0cdc9f51e09a7f7f078559639293f6cee79d37e751295552be824af1f3d8ad12
  languageName: node
  linkType: hard

"@types/prop-types@npm:*":
  version: 15.7.5
  resolution: "@types/prop-types@npm:15.7.5"
  checksum: 5b43b8b15415e1f298243165f1d44390403bb2bd42e662bca3b5b5633fdd39c938e91b7fce3a9483699db0f7a715d08cef220c121f723a634972fdf596aec980
  languageName: node
  linkType: hard

"@types/react@npm:^18.2.15":
  version: 18.2.15
  resolution: "@types/react@npm:18.2.15"
  dependencies:
    "@types/prop-types": "*"
    "@types/scheduler": "*"
    csstype: ^3.0.2
  checksum: 36989f638201bfe2f4110b06c119180f6df9c0e13d7060481e82e7a745f81745a01ae543c478a25b61e0767cb52e82da2ad5b0dedacabf99339e523d06176705
  languageName: node
  linkType: hard

"@types/scheduler@npm:*":
  version: 0.16.3
  resolution: "@types/scheduler@npm:0.16.3"
  checksum: 2b0aec39c24268e3ce938c5db2f2e77f5c3dd280e05c262d9c2fe7d890929e4632a6b8e94334017b66b45e4f92a5aa42ba3356640c2a1175fa37bef2f5200767
  languageName: node
  linkType: hard

"csstype@npm:^3.0.2":
  version: 3.1.2
  resolution: "csstype@npm:3.1.2"
  checksum: e1a52e6c25c1314d6beef5168da704ab29c5186b877c07d822bd0806717d9a265e8493a2e35ca7e68d0f5d472d43fac1cdce70fd79fd0853dff81f3028d857b5
  languageName: node
  linkType: hard

"jsmisc@workspace:.":
  version: 0.0.0-use.local
  resolution: "jsmisc@workspace:."
  dependencies:
    "@types/node": ^20.4.3
    "@types/react": ^18.2.15
    type-fest: ^4.0.0
    typescript: ^5.1.6
  languageName: unknown
  linkType: soft

"type-fest@npm:^4.0.0":
  version: 4.0.0
  resolution: "type-fest@npm:4.0.0"
  checksum: 716f32ac341b1cf35bf08cc5cc6a11822436333966d3f4d94758112f45829efa3efb643ebc74a53e514e68a1bddab144d0153d654e072b41ba9bd98bcf841d75
  languageName: node
  linkType: hard

"typescript@npm:^5.1.6":
  version: 5.1.6
  resolution: "typescript@npm:5.1.6"
  bin:
    tsc: bin/tsc
    tsserver: bin/tsserver
  checksum: b2f2c35096035fe1f5facd1e38922ccb8558996331405eb00a5111cc948b2e733163cc22fab5db46992aba7dd520fff637f2c1df4996ff0e134e77d3249a7350
  languageName: node
  linkType: hard

"typescript@patch:typescript@^5.1.6#~builtin<compat/typescript>":
  version: 5.1.6
  resolution: "typescript@patch:typescript@npm%3A5.1.6#~builtin<compat/typescript>::version=5.1.6&hash=5da071"
  bin:
    tsc: bin/tsc
    tsserver: bin/tsserver
  checksum: f53bfe97f7c8b2b6d23cf572750d4e7d1e0c5fff1c36d859d0ec84556a827b8785077bc27676bf7e71fae538e517c3ecc0f37e7f593be913d884805d931bc8be
  languageName: node
  linkType: hard
